
Microsoft Visual Studio Solution File, Format Version 12.00
# Visual Studio 15
VisualStudioVersion = 15.0.28307.1022
MinimumVisualStudioVersion = 10.0.40219.1
Project("{FAE04EC0-301F-11D3-BF4B-00C04F79EFBC}") = "MonoPriceWebBDD", "MonoPriceWebBDD\MonoPriceWebBDD.csproj", "{7CEBA088-5892-488E-A191-3F63A94DBC9D}"
EndProject
Global
	GlobalSection(SolutionConfigurationPlatforms) = preSolution
		Debug|Any CPU = Debug|Any CPU
		Release|Any CPU = Release|Any CPU
	EndGlobalSection
	GlobalSection(ProjectConfigurationPlatforms) = postSolution
		{7CEBA088-5892-488E-A191-3F63A94DBC9D}.Debug|Any CPU.ActiveCfg = Debug|Any CPU
		{7CEBA088-5892-488E-A191-3F63A94DBC9D}.Debug|Any CPU.Build.0 = Debug|Any CPU
		{7CEBA088-5892-488E-A191-3F63A94DBC9D}.Release|Any CPU.ActiveCfg = Release|Any CPU
		{7CEBA088-5892-488E-A191-3F63A94DBC9D}.Release|Any CPU.Build.0 = Release|Any CPU
	EndGlobalSection
	GlobalSection(SolutionProperties) = preSolution
		HideSolutionNode = FALSE
	EndGlobalSection
	GlobalSection(ExtensibilityGlobals) = postSolution
		SolutionGuid = {B0485591-24C0-44D8-A842-553A24FFF4A5}
	EndGlobalSection
EndGlobal
